
Microsoft Visual Studio Solution File, Format Version 12.00
# Visual Studio Version 16
VisualStudioVersion = 16.0.35731.53
MinimumVisualStudioVersion = 10.0.40219.1
Project("{FAE04EC0-301F-11D3-BF4B-00C04F79EFBC}") = "meuprimeiroteste", "meuprimeiroteste.csproj", "{41FCB340-DBE1-4B4E-8FB1-79762A665E0D}"
EndProject
Global
	GlobalSection(SolutionConfigurationPlatforms) = preSolution
		Debug|Any CPU = Debug|Any CPU
		Release|Any CPU = Release|Any CPU
	EndGlobalSection
	GlobalSection(ProjectConfigurationPlatforms) = postSolution
		{41FCB340-DBE1-4B4E-8FB1-79762A665E0D}.Debug|Any CPU.ActiveCfg = Debug|Any CPU
		{41FCB340-DBE1-4B4E-8FB1-79762A665E0D}.Debug|Any CPU.Build.0 = Debug|Any CPU
		{41FCB340-DBE1-4B4E-8FB1-79762A665E0D}.Release|Any CPU.ActiveCfg = Release|Any CPU
		{41FCB340-DBE1-4B4E-8FB1-79762A665E0D}.Release|Any CPU.Build.0 = Release|Any CPU
	EndGlobalSection
	GlobalSection(SolutionProperties) = preSolution
		HideSolutionNode = FALSE
	EndGlobalSection
	GlobalSection(ExtensibilityGlobals) = postSolution
		SolutionGuid = {A1C71BB0-565B-4570-B7A2-532B9591C37E}
	EndGlobalSection
EndGlobal
